{
  "version": 4,
  "terraform_version": "1.2.5",
  "serial": 3,
  "lineage": "25d1d665-65d0-fa59-b892-d5ea9a437a95",
  "outputs": {},
  "resources": [
    {
      "mode": "managed",
      "type": "aws_instance",
      "name": "eoan001",
      "provider": "provider[\"registry.terraform.io/hashicorp/aws\"]",
      "instances": [
        {
          "schema_version": 1,
          "attributes": {
            "ami": "ami-844e0bf7",
            "arn": "arn:aws:ec2:eu-west-1:859684569104:instance/i-0043a95bf8f4157a8",
            "associate_public_ip_address": true,
            "availability_zone": "eu-west-1b",
            "capacity_reservation_specification": [
              {
                "capacity_reservation_preference": "open",
                "capacity_reservation_target": []
              }
            ],
            "cpu_core_count": 1,
            "cpu_threads_per_core": 1,
            "credit_specification": [
              {
                "cpu_credits": "standard"
              }
            ],
            "disable_api_stop": false,
            "disable_api_termination": false,
            "ebs_block_device": [],
            "ebs_optimized": false,
            "enclave_options": [
              {
                "enabled": false
              }
            ],
            "ephemeral_block_device": [],
            "get_password_data": false,
            "hibernation": false,
            "host_id": "",
            "host_resource_group_arn": null,
            "iam_instance_profile": "",
            "id": "i-0043a95bf8f4157a8",
            "instance_initiated_shutdown_behavior": "stop",
            "instance_state": "running",
            "instance_type": "t2.micro",
            "ipv6_address_count": 0,
            "ipv6_addresses": [],
            "key_name": "eoan001",
            "launch_template": [],
            "maintenance_options": [
              {
                "auto_recovery": "default"
              }
            ],
            "metadata_options": [
              {
                "http_endpoint": "enabled",
                "http_put_response_hop_limit": 1,
                "http_tokens": "optional",
                "instance_metadata_tags": "disabled"
              }
            ],
            "monitoring": false,
            "network_interface": [],
            "outpost_arn": "",
            "password_data": "",
            "placement_group": "",
            "placement_partition_number": 0,
            "primary_network_interface_id": "eni-091c366eb719c5be9",
            "private_dns": "ip-172-31-10-63.eu-west-1.compute.internal",
            "private_dns_name_options": [
              {
                "enable_resource_name_dns_a_record": false,
                "enable_resource_name_dns_aaaa_record": false,
                "hostname_type": "ip-name"
              }
            ],
            "private_ip": "172.31.10.63",
            "public_dns": "ec2-54-229-46-201.eu-west-1.compute.amazonaws.com",
            "public_ip": "54.229.46.201",
            "root_block_device": [
              {
                "delete_on_termination": true,
                "device_name": "/dev/sda1",
                "encrypted": false,
                "iops": 100,
                "kms_key_id": "",
                "tags": {},
                "throughput": 0,
                "volume_id": "vol-002c70f72f949b0c2",
                "volume_size": 8,
                "volume_type": "gp2"
              }
            ],
            "secondary_private_ips": [],
            "security_groups": [
              "default"
            ],
            "source_dest_check": true,
            "subnet_id": "subnet-0e555be897e507421",
            "tags": null,
            "tags_all": {},
            "tenancy": "default",
            "timeouts": null,
            "user_data": null,
            "user_data_base64": null,
            "user_data_replace_on_change": false,
            "volume_tags": null,
            "vpc_security_group_ids": [
              "sg-081f80284fe3ec656"
            ]
          },
          "sensitive_attributes": [],
          "private": "eyJlMmJmYjczMC1lY2FhLTExZTYtOGY4OC0zNDM2M2JjN2M0YzAiOnsiY3JlYXRlIjo2MDAwMDAwMDAwMDAsImRlbGV0ZSI6MTIwMDAwMDAwMDAwMCwidXBkYXRlIjo2MDAwMDAwMDAwMDB9LCJzY2hlbWFfdmVyc2lvbiI6IjEifQ==",
          "dependencies": [
            "aws_key_pair.eoan001"
          ]
        }
      ]
    },
    {
      "mode": "managed",
      "type": "aws_key_pair",
      "name": "eoan001",
      "provider": "provider[\"registry.terraform.io/hashicorp/aws\"]",
      "instances": [
        {
          "schema_version": 1,
          "attributes": {
            "arn": "arn:aws:ec2:eu-west-1:859684569104:key-pair/eoan001",
            "fingerprint": "c8:12:07:db:2d:39:05:62:7a:f3:6e:39:72:f6:81:64",
            "id": "eoan001",
            "key_name": "eoan001",
            "key_name_prefix": "",
            "key_pair_id": "key-0f12478f9c187d4fd",
            "key_type": "rsa",
            "public_key": "ssh-rsa AAAAB3NzaC1yc2EAAAADAQABAAABgQC3r08+EXA53AHiYsOHnhp18eAlRiM4wh+2fIp3IuJ0E3dtI57x0h9yU5StQboSGt1nXJvo+Pu7Z/tjM6PWR1+A69ILVtHlowtQAjyWzHc9W8DCWOk3YpyLJH03KleFQBznIbU8C21zhVO4W4gp8t0kP7UQK9ReB551fnu8jNHGba1eletbep829spwmeGqK/be82wuaIucjgDJys4kWRyWFlg+Bvqsjd6DNDaycjI6VTP1RoFPD0pyfeBLcha9StKV9kAmkLyUMMAfztQplzyAHFNY3Y1Rd1GS1RcTBSfDCTnoReNrPZEUc8fkBmU20ClRKgGCwsn5MTM3GNVFiB0tEhYtEIhEndgprmIVn/g7bCfCqi+q7PQ1mWCVA5ekl8H4o0dICFLrv4ElN5I5hDSKiv+V9DsDl5tVRGNsKmBSjxK0Fpg24Mw+CN+a3f3N9H15M9jYVyX/EbdUCTcKjGTFXlkX8jkfctrYWowC3/8A5yzTei9jEkJ8Fq7T0ls8I4U= mac@MacBook-Pro-8.local",
            "tags": null,
            "tags_all": {}
          },
          "sensitive_attributes": [],
          "private": "eyJzY2hlbWFfdmVyc2lvbiI6IjEifQ=="
        }
      ]
    }
  ]
}
